
Microsoft Visual Studio Solution File, Format Version 12.00
# Visual Studio Version 17
VisualStudioVersion = 17.12.35527.113
MinimumVisualStudioVersion = 10.0.40219.1
Project("{2150E333-8FDC-42A3-9474-1A3956D46DE8}") = "src", "src", "{B858A443-C269-458B-B0CB-BFE588AF7601}"
EndProject
Project("{2150E333-8FDC-42A3-9474-1A3956D46DE8}") = "0.Framework", "0.Framework", "{1677AD55-AC39-4C38-A65D-8EE68732E666}"
EndProject
Project("{2150E333-8FDC-42A3-9474-1A3956D46DE8}") = "1.Domain", "1.Domain", "{6C11EAF3-B90D-41F6-A3EC-21505AFFECFE}"
EndProject
Project("{2150E333-8FDC-42A3-9474-1A3956D46DE8}") = "2.Infrastructure", "2.Infrastructure", "{66662FCD-8E96-4F47-9B0B-38C166E1E4DB}"
EndProject
Project("{2150E333-8FDC-42A3-9474-1A3956D46DE8}") = "3.EndPoint", "3.EndPoint", "{30395637-34AF-4696-A126-DA1E7A2A07BD}"
EndProject
Project("{FAE04EC0-301F-11D3-BF4B-00C04F79EFBC}") = "Framework", "Framework\Framework.csproj", "{598D961C-7C14-4DE0-A04D-0A40B2820BC0}"
EndProject
Project("{2150E333-8FDC-42A3-9474-1A3956D46DE8}") = "Core", "Core", "{C6DF37BF-3E73-4F84-BA6D-BB9101266018}"
EndProject
Project("{2150E333-8FDC-42A3-9474-1A3956D46DE8}") = "Services", "Services", "{45934AE0-5E05-4B53-A9E1-51291943B02A}"
EndProject
Project("{FAE04EC0-301F-11D3-BF4B-00C04F79EFBC}") = "KareMa.Domain.Core", "KareMa.Domain.Core\KareMa.Domain.Core.csproj", "{B69DBD36-6038-4A9A-88CC-19278220C08F}"
EndProject
Project("{2150E333-8FDC-42A3-9474-1A3956D46DE8}") = "Db", "Db", "{A4181289-A7B2-498D-8689-89E49AB0BB03}"
EndProject
Project("{FAE04EC0-301F-11D3-BF4B-00C04F79EFBC}") = "KareMa.Infra.SqlServer", "KareMa.Infra.SqlServer\KareMa.Infra.SqlServer.csproj", "{48A4C85E-18AF-403F-BA7F-D174C754F93A}"
EndProject
Project("{FAE04EC0-301F-11D3-BF4B-00C04F79EFBC}") = "KareMa.EndPoint.MVC", "KareMa.EndPoint.MVC\KareMa.EndPoint.MVC.csproj", "{0C93ED7F-803F-4CBA-AD01-0D53B059BA28}"
EndProject
Project("{2150E333-8FDC-42A3-9474-1A3956D46DE8}") = "DataAccess", "DataAccess", "{D8AA1D18-E124-4162-825A-780E3348C95B}"
EndProject
Project("{FAE04EC0-301F-11D3-BF4B-00C04F79EFBC}") = "KareMa.Infra.DataAccess.Repo.Ef", "KareMa.Infra.DataAccess.Repo.Ef\KareMa.Infra.DataAccess.Repo.Ef.csproj", "{C8765232-F67C-4145-A26E-3F6E118CB187}"
EndProject
Global
	GlobalSection(SolutionConfigurationPlatforms) = preSolution
		Debug|Any CPU = Debug|Any CPU
		Release|Any CPU = Release|Any CPU
	EndGlobalSection
	GlobalSection(ProjectConfigurationPlatforms) = postSolution
		{598D961C-7C14-4DE0-A04D-0A40B2820BC0}.Debug|Any CPU.ActiveCfg = Debug|Any CPU
		{598D961C-7C14-4DE0-A04D-0A40B2820BC0}.Debug|Any CPU.Build.0 = Debug|Any CPU
		{598D961C-7C14-4DE0-A04D-0A40B2820BC0}.Release|Any CPU.ActiveCfg = Release|Any CPU
		{598D961C-7C14-4DE0-A04D-0A40B2820BC0}.Release|Any CPU.Build.0 = Release|Any CPU
		{B69DBD36-6038-4A9A-88CC-19278220C08F}.Debug|Any CPU.ActiveCfg = Debug|Any CPU
		{B69DBD36-6038-4A9A-88CC-19278220C08F}.Debug|Any CPU.Build.0 = Debug|Any CPU
		{B69DBD36-6038-4A9A-88CC-19278220C08F}.Release|Any CPU.ActiveCfg = Release|Any CPU
		{B69DBD36-6038-4A9A-88CC-19278220C08F}.Release|Any CPU.Build.0 = Release|Any CPU
		{48A4C85E-18AF-403F-BA7F-D174C754F93A}.Debug|Any CPU.ActiveCfg = Debug|Any CPU
		{48A4C85E-18AF-403F-BA7F-D174C754F93A}.Debug|Any CPU.Build.0 = Debug|Any CPU
		{48A4C85E-18AF-403F-BA7F-D174C754F93A}.Release|Any CPU.ActiveCfg = Release|Any CPU
		{48A4C85E-18AF-403F-BA7F-D174C754F93A}.Release|Any CPU.Build.0 = Release|Any CPU
		{0C93ED7F-803F-4CBA-AD01-0D53B059BA28}.Debug|Any CPU.ActiveCfg = Debug|Any CPU
		{0C93ED7F-803F-4CBA-AD01-0D53B059BA28}.Debug|Any CPU.Build.0 = Debug|Any CPU
		{0C93ED7F-803F-4CBA-AD01-0D53B059BA28}.Release|Any CPU.ActiveCfg = Release|Any CPU
		{0C93ED7F-803F-4CBA-AD01-0D53B059BA28}.Release|Any CPU.Build.0 = Release|Any CPU
		{C8765232-F67C-4145-A26E-3F6E118CB187}.Debug|Any CPU.ActiveCfg = Debug|Any CPU
		{C8765232-F67C-4145-A26E-3F6E118CB187}.Debug|Any CPU.Build.0 = Debug|Any CPU
		{C8765232-F67C-4145-A26E-3F6E118CB187}.Release|Any CPU.ActiveCfg = Release|Any CPU
		{C8765232-F67C-4145-A26E-3F6E118CB187}.Release|Any CPU.Build.0 = Release|Any CPU
	EndGlobalSection
	GlobalSection(SolutionProperties) = preSolution
		HideSolutionNode = FALSE
	EndGlobalSection
	GlobalSection(NestedProjects) = preSolution
		{1677AD55-AC39-4C38-A65D-8EE68732E666} = {B858A443-C269-458B-B0CB-BFE588AF7601}
		{6C11EAF3-B90D-41F6-A3EC-21505AFFECFE} = {B858A443-C269-458B-B0CB-BFE588AF7601}
		{66662FCD-8E96-4F47-9B0B-38C166E1E4DB} = {B858A443-C269-458B-B0CB-BFE588AF7601}
		{30395637-34AF-4696-A126-DA1E7A2A07BD} = {B858A443-C269-458B-B0CB-BFE588AF7601}
		{598D961C-7C14-4DE0-A04D-0A40B2820BC0} = {1677AD55-AC39-4C38-A65D-8EE68732E666}
		{C6DF37BF-3E73-4F84-BA6D-BB9101266018} = {6C11EAF3-B90D-41F6-A3EC-21505AFFECFE}
		{45934AE0-5E05-4B53-A9E1-51291943B02A} = {6C11EAF3-B90D-41F6-A3EC-21505AFFECFE}
		{B69DBD36-6038-4A9A-88CC-19278220C08F} = {C6DF37BF-3E73-4F84-BA6D-BB9101266018}
		{A4181289-A7B2-498D-8689-89E49AB0BB03} = {66662FCD-8E96-4F47-9B0B-38C166E1E4DB}
		{48A4C85E-18AF-403F-BA7F-D174C754F93A} = {A4181289-A7B2-498D-8689-89E49AB0BB03}
		{0C93ED7F-803F-4CBA-AD01-0D53B059BA28} = {30395637-34AF-4696-A126-DA1E7A2A07BD}
		{D8AA1D18-E124-4162-825A-780E3348C95B} = {66662FCD-8E96-4F47-9B0B-38C166E1E4DB}
		{C8765232-F67C-4145-A26E-3F6E118CB187} = {D8AA1D18-E124-4162-825A-780E3348C95B}
	EndGlobalSection
EndGlobal
